// !$*UTF8*$!
{
	archiveVersion = 1;
	classes = {
	};
	objectVersion = 55;
	objects = {

/* Begin PBXBuildFile section */
		1722462B28B847BC00D1DF4B /* ProductItemView.swift in Sources */ = {isa = PBXBuildFile; fileRef = 1722462A28B847BC00D1DF4B /* ProductItemView.swift */; };
		1722463028B9A7C200D1DF4B /* CodableBundleExtension.swift in Sources */ = {isa = PBXBuildFile; fileRef = 1722462F28B9A7C200D1DF4B /* CodableBundleExtension.swift */; };
		1722463428B9A8CC00D1DF4B /* products.json in Resources */ = {isa = PBXBuildFile; fileRef = 1722463328B9A8CC00D1DF4B /* products.json */; };
		1722463F28B9B19A00D1DF4B /* ProductModel.swift in Sources */ = {isa = PBXBuildFile; fileRef = 1722463E28B9B19A00D1DF4B /* ProductModel.swift */; };
		1722464128B9B1FC00D1DF4B /* CategoryModel.swift in Sources */ = {isa = PBXBuildFile; fileRef = 1722464028B9B1FC00D1DF4B /* CategoryModel.swift */; };
		1722464528B9B24F00D1DF4B /* Constants.swift in Sources */ = {isa = PBXBuildFile; fileRef = 1722464428B9B24F00D1DF4B /* Constants.swift */; };
		1794326C28B31A8100D679DC /* HomeView.swift in Sources */ = {isa = PBXBuildFile; fileRef = 1794326B28B31A8100D679DC /* HomeView.swift */; };
		17BCC97528C02B2800ACCB1E /* categories.json in Resources */ = {isa = PBXBuildFile; fileRef = 17BCC97428C02B2800ACCB1E /* categories.json */; };
		17BCC97728C1EED700ACCB1E /* ProductGridView.swift in Sources */ = {isa = PBXBuildFile; fileRef = 17BCC97628C1EED700ACCB1E /* ProductGridView.swift */; };
		17BCC97928C1EF9200ACCB1E /* TitleView.swift in Sources */ = {isa = PBXBuildFile; fileRef = 17BCC97828C1EF9200ACCB1E /* TitleView.swift */; };
		17BCC97B28C1F18C00ACCB1E /* Shop.swift in Sources */ = {isa = PBXBuildFile; fileRef = 17BCC97A28C1F18C00ACCB1E /* Shop.swift */; };
		17BCC97E28C244D800ACCB1E /* GoogleService-Info.plist in Resources */ = {isa = PBXBuildFile; fileRef = 17BCC97D28C244D800ACCB1E /* GoogleService-Info.plist */; };
		17BCC98128C2457600ACCB1E /* FirebaseAuth in Frameworks */ = {isa = PBXBuildFile; productRef = 17BCC98028C2457600ACCB1E /* FirebaseAuth */; };
		17BCC98328C2457600ACCB1E /* FirebaseFirestore in Frameworks */ = {isa = PBXBuildFile; productRef = 17BCC98228C2457600ACCB1E /* FirebaseFirestore */; };
		200B489528B126FE0057EA08 /* SignUpView.swift in Sources */ = {isa = PBXBuildFile; fileRef = 200B489428B126FE0057EA08 /* SignUpView.swift */; };
		200B489728B127630057EA08 /* ColourConstants.swift in Sources */ = {isa = PBXBuildFile; fileRef = 200B489628B127630057EA08 /* ColourConstants.swift */; };
		200B489B28B135650057EA08 /* Navigation.swift in Sources */ = {isa = PBXBuildFile; fileRef = 200B489A28B135650057EA08 /* Navigation.swift */; };
		201321F128AF5AA60031ED28 /* phyllinApp.swift in Sources */ = {isa = PBXBuildFile; fileRef = 201321F028AF5AA60031ED28 /* phyllinApp.swift */; };
		201321F328AF5AA60031ED28 /* LoginView.swift in Sources */ = {isa = PBXBuildFile; fileRef = 201321F228AF5AA60031ED28 /* LoginView.swift */; };
		201321F528AF5AA80031ED28 /* Assets.xcassets in Resources */ = {isa = PBXBuildFile; fileRef = 201321F428AF5AA80031ED28 /* Assets.xcassets */; };
		201321F828AF5AA80031ED28 /* Preview Assets.xcassets in Resources */ = {isa = PBXBuildFile; fileRef = 201321F728AF5AA80031ED28 /* Preview Assets.xcassets */; };
		201321FF28AF5F510031ED28 /* ViewportHelper.swift in Sources */ = {isa = PBXBuildFile; fileRef = 201321FE28AF5F510031ED28 /* ViewportHelper.swift */; };
		20335E1728B320060020F549 /* WelcomeView.swift in Sources */ = {isa = PBXBuildFile; fileRef = 20335E1628B320060020F549 /* WelcomeView.swift */; };
/* End PBXBuildFile section */

/* Begin PBXFileReference section */
		1722462A28B847BC00D1DF4B /* ProductItemView.swift */ = {isa = PBXFileReference; lastKnownFileType = sourcecode.swift; path = ProductItemView.swift; sourceTree = "<group>"; };
		1722462F28B9A7C200D1DF4B /* CodableBundleExtension.swift */ = {isa = PBXFileReference; lastKnownFileType = sourcecode.swift; path = CodableBundleExtension.swift; sourceTree = "<group>"; };
		1722463328B9A8CC00D1DF4B /* products.json */ = {isa = PBXFileReference; lastKnownFileType = text.json; path = products.json; sourceTree = "<group>"; xcLanguageSpecificationIdentifier = xcode.lang.json; };
		1722463E28B9B19A00D1DF4B /* ProductModel.swift */ = {isa = PBXFileReference; lastKnownFileType = sourcecode.swift; path = ProductModel.swift; sourceTree = "<group>"; };
		1722464028B9B1FC00D1DF4B /* CategoryModel.swift */ = {isa = PBXFileReference; lastKnownFileType = sourcecode.swift; path = CategoryModel.swift; sourceTree = "<group>"; };
		1722464428B9B24F00D1DF4B /* Constants.swift */ = {isa = PBXFileReference; lastKnownFileType = sourcecode.swift; path = Constants.swift; sourceTree = "<group>"; };
		1794326B28B31A8100D679DC /* HomeView.swift */ = {isa = PBXFileReference; lastKnownFileType = sourcecode.swift; path = HomeView.swift; sourceTree = "<group>"; };
		17BCC97428C02B2800ACCB1E /* categories.json */ = {isa = PBXFileReference; lastKnownFileType = text.json; path = categories.json; sourceTree = "<group>"; };
		17BCC97628C1EED700ACCB1E /* ProductGridView.swift */ = {isa = PBXFileReference; lastKnownFileType = sourcecode.swift; path = ProductGridView.swift; sourceTree = "<group>"; };
		17BCC97828C1EF9200ACCB1E /* TitleView.swift */ = {isa = PBXFileReference; lastKnownFileType = sourcecode.swift; path = TitleView.swift; sourceTree = "<group>"; };
		17BCC97A28C1F18C00ACCB1E /* Shop.swift */ = {isa = PBXFileReference; lastKnownFileType = sourcecode.swift; path = Shop.swift; sourceTree = "<group>"; };
		17BCC97D28C244D800ACCB1E /* GoogleService-Info.plist */ = {isa = PBXFileReference; fileEncoding = 4; lastKnownFileType = text.plist.xml; path = "GoogleService-Info.plist"; sourceTree = "<group>"; };
		200B489428B126FE0057EA08 /* SignUpView.swift */ = {isa = PBXFileReference; lastKnownFileType = sourcecode.swift; path = SignUpView.swift; sourceTree = "<group>"; };
		200B489628B127630057EA08 /* ColourConstants.swift */ = {isa = PBXFileReference; lastKnownFileType = sourcecode.swift; path = ColourConstants.swift; sourceTree = "<group>"; };
		200B489A28B135650057EA08 /* Navigation.swift */ = {isa = PBXFileReference; lastKnownFileType = sourcecode.swift; path = Navigation.swift; sourceTree = "<group>"; };
		201321ED28AF5AA60031ED28 /* phyllin.app */ = {isa = PBXFileReference; explicitFileType = wrapper.application; includeInIndex = 0; path = phyllin.app; sourceTree = BUILT_PRODUCTS_DIR; };
		201321F028AF5AA60031ED28 /* phyllinApp.swift */ = {isa = PBXFileReference; lastKnownFileType = sourcecode.swift; path = phyllinApp.swift; sourceTree = "<group>"; };
		201321F228AF5AA60031ED28 /* LoginView.swift */ = {isa = PBXFileReference; lastKnownFileType = sourcecode.swift; path = LoginView.swift; sourceTree = "<group>"; };
		201321F428AF5AA80031ED28 /* Assets.xcassets */ = {isa = PBXFileReference; lastKnownFileType = folder.assetcatalog; path = Assets.xcassets; sourceTree = "<group>"; };
		201321F728AF5AA80031ED28 /* Preview Assets.xcassets */ = {isa = PBXFileReference; lastKnownFileType = folder.assetcatalog; path = "Preview Assets.xcassets"; sourceTree = "<group>"; };
		201321FE28AF5F510031ED28 /* ViewportHelper.swift */ = {isa = PBXFileReference; lastKnownFileType = sourcecode.swift; path = ViewportHelper.swift; sourceTree = "<group>"; };
		20335E1628B320060020F549 /* WelcomeView.swift */ = {isa = PBXFileReference; lastKnownFileType = sourcecode.swift; path = WelcomeView.swift; sourceTree = "<group>"; };
/* End PBXFileReference section */

/* Begin PBXFrameworksBuildPhase section */
		201321EA28AF5AA60031ED28 /* Frameworks */ = {
			isa = PBXFrameworksBuildPhase;
			buildActionMask = 2147483647;
			files = (
				17BCC98128C2457600ACCB1E /* FirebaseAuth in Frameworks */,
				17BCC98328C2457600ACCB1E /* FirebaseFirestore in Frameworks */,
			);
			runOnlyForDeploymentPostprocessing = 0;
		};
/* End PBXFrameworksBuildPhase section */

/* Begin PBXGroup section */
		1722462928B8478B00D1DF4B /* Product */ = {
			isa = PBXGroup;
			children = (
				1722462A28B847BC00D1DF4B /* ProductItemView.swift */,
				17BCC97628C1EED700ACCB1E /* ProductGridView.swift */,
				17BCC97828C1EF9200ACCB1E /* TitleView.swift */,
			);
			path = Product;
			sourceTree = "<group>";
		};
		1722462C28B8489100D1DF4B /* Data */ = {
			isa = PBXGroup;
			children = (
				1722463328B9A8CC00D1DF4B /* products.json */,
				17BCC97428C02B2800ACCB1E /* categories.json */,
			);
			path = Data;
			sourceTree = "<group>";
		};
		1722463228B9A7DA00D1DF4B /* Extension */ = {
			isa = PBXGroup;
			children = (
				1722462F28B9A7C200D1DF4B /* CodableBundleExtension.swift */,
			);
			path = Extension;
			sourceTree = "<group>";
		};
		1722463D28B9B15F00D1DF4B /* Models */ = {
			isa = PBXGroup;
			children = (
				1722463E28B9B19A00D1DF4B /* ProductModel.swift */,
				1722464028B9B1FC00D1DF4B /* CategoryModel.swift */,
			);
			path = Models;
			sourceTree = "<group>";
		};
		1722464328B9B23400D1DF4B /* Utilities */ = {
			isa = PBXGroup;
			children = (
				201321FE28AF5F510031ED28 /* ViewportHelper.swift */,
				200B489A28B135650057EA08 /* Navigation.swift */,
				1722464428B9B24F00D1DF4B /* Constants.swift */,
				17BCC97A28C1F18C00ACCB1E /* Shop.swift */,
				200B489628B127630057EA08 /* ColourConstants.swift */,
			);
			path = Utilities;
			sourceTree = "<group>";
		};
		201321E428AF5AA60031ED28 = {
			isa = PBXGroup;
			children = (
				17BCC97D28C244D800ACCB1E /* GoogleService-Info.plist */,
				201321EF28AF5AA60031ED28 /* phyllin */,
				201321EE28AF5AA60031ED28 /* Products */,
			);
			sourceTree = "<group>";
		};
		201321EE28AF5AA60031ED28 /* Products */ = {
			isa = PBXGroup;
			children = (
				201321ED28AF5AA60031ED28 /* phyllin.app */,
			);
			name = Products;
			sourceTree = "<group>";
		};
		201321EF28AF5AA60031ED28 /* phyllin */ = {
			isa = PBXGroup;
			children = (
				20335E1628B320060020F549 /* WelcomeView.swift */,
				1722464328B9B23400D1DF4B /* Utilities */,
				1722463D28B9B15F00D1DF4B /* Models */,
				1722462C28B8489100D1DF4B /* Data */,
				1722462928B8478B00D1DF4B /* Product */,
				201321F228AF5AA60031ED28 /* LoginView.swift */,
				200B489428B126FE0057EA08 /* SignUpView.swift */,
				201321F028AF5AA60031ED28 /* phyllinApp.swift */,
				1794326B28B31A8100D679DC /* HomeView.swift */,
				201321F428AF5AA80031ED28 /* Assets.xcassets */,
				201321F628AF5AA80031ED28 /* Preview Content */,
				1722463228B9A7DA00D1DF4B /* Extension */,
			);
			path = phyllin;
			sourceTree = "<group>";
		};
		201321F628AF5AA80031ED28 /* Preview Content */ = {
			isa = PBXGroup;
			children = (
				201321F728AF5AA80031ED28 /* Preview Assets.xcassets */,
			);
			path = "Preview Content";
			sourceTree = "<group>";
		};
/* End PBXGroup section */

/* Begin PBXNativeTarget section */
		201321EC28AF5AA60031ED28 /* phyllin */ = {
			isa = PBXNativeTarget;
			buildConfigurationList = 201321FB28AF5AA80031ED28 /* Build configuration list for PBXNativeTarget "phyllin" */;
			buildPhases = (
				201321E928AF5AA60031ED28 /* Sources */,
				201321EA28AF5AA60031ED28 /* Frameworks */,
				201321EB28AF5AA60031ED28 /* Resources */,
			);
			buildRules = (
			);
			dependencies = (
			);
			name = phyllin;
			packageProductDependencies = (
				17BCC98028C2457600ACCB1E /* FirebaseAuth */,
				17BCC98228C2457600ACCB1E /* FirebaseFirestore */,
			);
			productName = phyllin;
			productReference = 201321ED28AF5AA60031ED28 /* phyllin.app */;
			productType = "com.apple.product-type.application";
		};
/* End PBXNativeTarget section */

/* Begin PBXProject section */
		201321E528AF5AA60031ED28 /* Project object */ = {
			isa = PBXProject;
			attributes = {
				BuildIndependentTargetsInParallel = 1;
				LastSwiftUpdateCheck = 1340;
				LastUpgradeCheck = 1340;
				TargetAttributes = {
					201321EC28AF5AA60031ED28 = {
						CreatedOnToolsVersion = 13.4.1;
					};
				};
			};
			buildConfigurationList = 201321E828AF5AA60031ED28 /* Build configuration list for PBXProject "phyllin" */;
			compatibilityVersion = "Xcode 13.0";
			developmentRegion = en;
			hasScannedForEncodings = 0;
			knownRegions = (
				en,
				Base,
			);
			mainGroup = 201321E428AF5AA60031ED28;
			packageReferences = (
				17BCC97F28C2457600ACCB1E /* XCRemoteSwiftPackageReference "firebase-ios-sdk" */,
			);
			productRefGroup = 201321EE28AF5AA60031ED28 /* Products */;
			projectDirPath = "";
			projectRoot = "";
			targets = (
				201321EC28AF5AA60031ED28 /* phyllin */,
			);
		};
/* End PBXProject section */

/* Begin PBXResourcesBuildPhase section */
		201321EB28AF5AA60031ED28 /* Resources */ = {
			isa = PBXResourcesBuildPhase;
			buildActionMask = 2147483647;
			files = (
				17BCC97528C02B2800ACCB1E /* categories.json in Resources */,
				1722463428B9A8CC00D1DF4B /* products.json in Resources */,
				17BCC97E28C244D800ACCB1E /* GoogleService-Info.plist in Resources */,
				201321F828AF5AA80031ED28 /* Preview Assets.xcassets in Resources */,
				201321F528AF5AA80031ED28 /* Assets.xcassets in Resources */,
			);
			runOnlyForDeploymentPostprocessing = 0;
		};
/* End PBXResourcesBuildPhase section */

/* Begin PBXSourcesBuildPhase section */
		201321E928AF5AA60031ED28 /* Sources */ = {
			isa = PBXSourcesBuildPhase;
			buildActionMask = 2147483647;
			files = (
				200B489528B126FE0057EA08 /* SignUpView.swift in Sources */,
				1722464128B9B1FC00D1DF4B /* CategoryModel.swift in Sources */,
				1794326C28B31A8100D679DC /* HomeView.swift in Sources */,
				201321FF28AF5F510031ED28 /* ViewportHelper.swift in Sources */,
				200B489B28B135650057EA08 /* Navigation.swift in Sources */,
				1722463028B9A7C200D1DF4B /* CodableBundleExtension.swift in Sources */,
				1722462B28B847BC00D1DF4B /* ProductItemView.swift in Sources */,
				1722464528B9B24F00D1DF4B /* Constants.swift in Sources */,
				20335E1728B320060020F549 /* WelcomeView.swift in Sources */,
				1722463F28B9B19A00D1DF4B /* ProductModel.swift in Sources */,
				200B489728B127630057EA08 /* ColourConstants.swift in Sources */,
				201321F328AF5AA60031ED28 /* LoginView.swift in Sources */,
				17BCC97728C1EED700ACCB1E /* ProductGridView.swift in Sources */,
				201321F128AF5AA60031ED28 /* phyllinApp.swift in Sources */,
				17BCC97928C1EF9200ACCB1E /* TitleView.swift in Sources */,
				17BCC97B28C1F18C00ACCB1E /* Shop.swift in Sources */,
			);
			runOnlyForDeploymentPostprocessing = 0;
		};
/* End PBXSourcesBuildPhase section */

/* Begin XCBuildConfiguration section */
		201321F928AF5AA80031ED28 /* Debug */ = {
			isa = XCBuildConfiguration;
			buildSettings = {
				ALWAYS_SEARCH_USER_PATHS = NO;
				CLANG_ANALYZER_NONNULL = YES;
				CLANG_ANALYZER_NUMBER_OBJECT_CONVERSION = YES_AGGRESSIVE;
				CLANG_CXX_LANGUAGE_STANDARD = "gnu++17";
				CLANG_ENABLE_MODULES = YES;
				CLANG_ENABLE_OBJC_ARC = YES;
				CLANG_ENABLE_OBJC_WEAK = YES;
				CLANG_WARN_BLOCK_CAPTURE_AUTORELEASING = YES;
				CLANG_WARN_BOOL_CONVERSION = YES;
				CLANG_WARN_COMMA = YES;
				CLANG_WARN_CONSTANT_CONVERSION = YES;
				CLANG_WARN_DEPRECATED_OBJC_IMPLEMENTATIONS = YES;
				CLANG_WARN_DIRECT_OBJC_ISA_USAGE = YES_ERROR;
				CLANG_WARN_DOCUMENTATION_COMMENTS = YES;
				CLANG_WARN_EMPTY_BODY = YES;
				CLANG_WARN_ENUM_CONVERSION = YES;
				CLANG_WARN_INFINITE_RECURSION = YES;
				CLANG_WARN_INT_CONVERSION = YES;
				CLANG_WARN_NON_LITERAL_NULL_CONVERSION = YES;
				CLANG_WARN_OBJC_IMPLICIT_RETAIN_SELF = YES;
				CLANG_WARN_OBJC_LITERAL_CONVERSION = YES;
				CLANG_WARN_OBJC_ROOT_CLASS = YES_ERROR;
				CLANG_WARN_QUOTED_INCLUDE_IN_FRAMEWORK_HEADER = YES;
				CLANG_WARN_RANGE_LOOP_ANALYSIS = YES;
				CLANG_WARN_STRICT_PROTOTYPES = YES;
				CLANG_WARN_SUSPICIOUS_MOVE = YES;
				CLANG_WARN_UNGUARDED_AVAILABILITY = YES_AGGRESSIVE;
				CLANG_WARN_UNREACHABLE_CODE = YES;
				CLANG_WARN__DUPLICATE_METHOD_MATCH = YES;
				COPY_PHASE_STRIP = NO;
				DEBUG_INFORMATION_FORMAT = dwarf;
				ENABLE_STRICT_OBJC_MSGSEND = YES;
				ENABLE_TESTABILITY = YES;
				GCC_C_LANGUAGE_STANDARD = gnu11;
				GCC_DYNAMIC_NO_PIC = NO;
				GCC_NO_COMMON_BLOCKS = YES;
				GCC_OPTIMIZATION_LEVEL = 0;
				GCC_PREPROCESSOR_DEFINITIONS = (
					"DEBUG=1",
					"$(inherited)",
				);
				GCC_WARN_64_TO_32_BIT_CONVERSION = YES;
				GCC_WARN_ABOUT_RETURN_TYPE = YES_ERROR;
				GCC_WARN_UNDECLARED_SELECTOR = YES;
				GCC_WARN_UNINITIALIZED_AUTOS = YES_AGGRESSIVE;
				GCC_WARN_UNUSED_FUNCTION = YES;
				GCC_WARN_UNUSED_VARIABLE = YES;
				IPHONEOS_DEPLOYMENT_TARGET = 15.5;
				MTL_ENABLE_DEBUG_INFO = INCLUDE_SOURCE;
				MTL_FAST_MATH = YES;
				ONLY_ACTIVE_ARCH = YES;
				SDKROOT = iphoneos;
				SWIFT_ACTIVE_COMPILATION_CONDITIONS = DEBUG;
				SWIFT_OPTIMIZATION_LEVEL = "-Onone";
			};
			name = Debug;
		};
		201321FA28AF5AA80031ED28 /* Release */ = {
			isa = XCBuildConfiguration;
			buildSettings = {
				ALWAYS_SEARCH_USER_PATHS = NO;
				CLANG_ANALYZER_NONNULL = YES;
				CLANG_ANALYZER_NUMBER_OBJECT_CONVERSION = YES_AGGRESSIVE;
				CLANG_CXX_LANGUAGE_STANDARD = "gnu++17";
				CLANG_ENABLE_MODULES = YES;
				CLANG_ENABLE_OBJC_ARC = YES;
				CLANG_ENABLE_OBJC_WEAK = YES;
				CLANG_WARN_BLOCK_CAPTURE_AUTORELEASING = YES;
				CLANG_WARN_BOOL_CONVERSION = YES;
				CLANG_WARN_COMMA = YES;
				CLANG_WARN_CONSTANT_CONVERSION = YES;
				CLANG_WARN_DEPRECATED_OBJC_IMPLEMENTATIONS = YES;
				CLANG_WARN_DIRECT_OBJC_ISA_USAGE = YES_ERROR;
				CLANG_WARN_DOCUMENTATION_COMMENTS = YES;
				CLANG_WARN_EMPTY_BODY = YES;
				CLANG_WARN_ENUM_CONVERSION = YES;
				CLANG_WARN_INFINITE_RECURSION = YES;
				CLANG_WARN_INT_CONVERSION = YES;
				CLANG_WARN_NON_LITERAL_NULL_CONVERSION = YES;
				CLANG_WARN_OBJC_IMPLICIT_RETAIN_SELF = YES;
				CLANG_WARN_OBJC_LITERAL_CONVERSION = YES;
				CLANG_WARN_OBJC_ROOT_CLASS = YES_ERROR;
				CLANG_WARN_QUOTED_INCLUDE_IN_FRAMEWORK_HEADER = YES;
				CLANG_WARN_RANGE_LOOP_ANALYSIS = YES;
				CLANG_WARN_STRICT_PROTOTYPES = YES;
				CLANG_WARN_SUSPICIOUS_MOVE = YES;
				CLANG_WARN_UNGUARDED_AVAILABILITY = YES_AGGRESSIVE;
				CLANG_WARN_UNREACHABLE_CODE = YES;
				CLANG_WARN__DUPLICATE_METHOD_MATCH = YES;
				COPY_PHASE_STRIP = NO;
				DEBUG_INFORMATION_FORMAT = "dwarf-with-dsym";
				ENABLE_NS_ASSERTIONS = NO;
				ENABLE_STRICT_OBJC_MSGSEND = YES;
				GCC_C_LANGUAGE_STANDARD = gnu11;
				GCC_NO_COMMON_BLOCKS = YES;
				GCC_WARN_64_TO_32_BIT_CONVERSION = YES;
				GCC_WARN_ABOUT_RETURN_TYPE = YES_ERROR;
				GCC_WARN_UNDECLARED_SELECTOR = YES;
				GCC_WARN_UNINITIALIZED_AUTOS = YES_AGGRESSIVE;
				GCC_WARN_UNUSED_FUNCTION = YES;
				GCC_WARN_UNUSED_VARIABLE = YES;
				IPHONEOS_DEPLOYMENT_TARGET = 15.5;
				MTL_ENABLE_DEBUG_INFO = NO;
				MTL_FAST_MATH = YES;
				SDKROOT = iphoneos;
				SWIFT_COMPILATION_MODE = wholemodule;
				SWIFT_OPTIMIZATION_LEVEL = "-O";
				VALIDATE_PRODUCT = YES;
			};
			name = Release;
		};
		201321FC28AF5AA80031ED28 /* Debug */ = {
			isa = XCBuildConfiguration;
			buildSettings = {
				ASSETCATALOG_COMPILER_APPICON_NAME = AppIcon;
				ASSETCATALOG_COMPILER_GLOBAL_ACCENT_COLOR_NAME = AccentColor;
				CODE_SIGN_STYLE = Automatic;
				CURRENT_PROJECT_VERSION = 1;
				DEVELOPMENT_ASSET_PATHS = "\"phyllin/Preview Content\"";
				DEVELOPMENT_TEAM = V54B28UN5Q;
				ENABLE_PREVIEWS = YES;
				GENERATE_INFOPLIST_FILE = YES;
				INFOPLIST_KEY_UIApplicationSceneManifest_Generation = YES;
				INFOPLIST_KEY_UIApplicationSupportsIndirectInputEvents = YES;
				INFOPLIST_KEY_UILaunchScreen_Generation = YES;
				INFOPLIST_KEY_UISupportedInterfaceOrientations_iPad = "UIInterfaceOrientationPortrait UIInterfaceOrientationPortraitUpsideDown UIInterfaceOrientationLandscapeLeft UIInterfaceOrientationLandscapeRight";
				INFOPLIST_KEY_UISupportedInterfaceOrientations_iPhone = "UIInterfaceOrientationPortrait UIInterfaceOrientationLandscapeLeft UIInterfaceOrientationLandscapeRight";
				LD_RUNPATH_SEARCH_PATHS = (
					"$(inherited)",
					"@executable_path/Frameworks",
				);
				MARKETING_VERSION = 1.0;
				PRODUCT_BUNDLE_IDENTIFIER = Faith.phyllin;
				PRODUCT_NAME = "$(TARGET_NAME)";
				SWIFT_EMIT_LOC_STRINGS = YES;
				SWIFT_VERSION = 5.0;
				TARGETED_DEVICE_FAMILY = "1,2";
			};
			name = Debug;
		};
		201321FD28AF5AA80031ED28 /* Release */ = {
			isa = XCBuildConfiguration;
			buildSettings = {
				ASSETCATALOG_COMPILER_APPICON_NAME = AppIcon;
				ASSETCATALOG_COMPILER_GLOBAL_ACCENT_COLOR_NAME = AccentColor;
				CODE_SIGN_STYLE = Automatic;
				CURRENT_PROJECT_VERSION = 1;
				DEVELOPMENT_ASSET_PATHS = "\"phyllin/Preview Content\"";
				DEVELOPMENT_TEAM = V54B28UN5Q;
				ENABLE_PREVIEWS = YES;
				GENERATE_INFOPLIST_FILE = YES;
				INFOPLIST_KEY_UIApplicationSceneManifest_Generation = YES;
				INFOPLIST_KEY_UIApplicationSupportsIndirectInputEvents = YES;
				INFOPLIST_KEY_UILaunchScreen_Generation = YES;
				INFOPLIST_KEY_UISupportedInterfaceOrientations_iPad = "UIInterfaceOrientationPortrait UIInterfaceOrientationPortraitUpsideDown UIInterfaceOrientationLandscapeLeft UIInterfaceOrientationLandscapeRight";
				INFOPLIST_KEY_UISupportedInterfaceOrientations_iPhone = "UIInterfaceOrientationPortrait UIInterfaceOrientationLandscapeLeft UIInterfaceOrientationLandscapeRight";
				LD_RUNPATH_SEARCH_PATHS = (
					"$(inherited)",
					"@executable_path/Frameworks",
				);
				MARKETING_VERSION = 1.0;
				PRODUCT_BUNDLE_IDENTIFIER = Faith.phyllin;
				PRODUCT_NAME = "$(TARGET_NAME)";
				SWIFT_EMIT_LOC_STRINGS = YES;
				SWIFT_VERSION = 5.0;
				TARGETED_DEVICE_FAMILY = "1,2";
			};
			name = Release;
		};
/* End XCBuildConfiguration section */

/* Begin XCConfigurationList section */
		201321E828AF5AA60031ED28 /* Build configuration list for PBXProject "phyllin" */ = {
			isa = XCConfigurationList;
			buildConfigurations = (
				201321F928AF5AA80031ED28 /* Debug */,
				201321FA28AF5AA80031ED28 /* Release */,
			);
			defaultConfigurationIsVisible = 0;
			defaultConfigurationName = Release;
		};
		201321FB28AF5AA80031ED28 /* Build configuration list for PBXNativeTarget "phyllin" */ = {
			isa = XCConfigurationList;
			buildConfigurations = (
				201321FC28AF5AA80031ED28 /* Debug */,
				201321FD28AF5AA80031ED28 /* Release */,
			);
			defaultConfigurationIsVisible = 0;
			defaultConfigurationName = Release;
		};
/* End XCConfigurationList section */

/* Begin XCRemoteSwiftPackageReference section */
		17BCC97F28C2457600ACCB1E /* XCRemoteSwiftPackageReference "firebase-ios-sdk" */ = {
			isa = XCRemoteSwiftPackageReference;
			repositoryURL = "https://github.com/firebase/firebase-ios-sdk.git";
			requirement = {
				kind = upToNextMajorVersion;
				minimumVersion = 9.0.0;
			};
		};
/* End XCRemoteSwiftPackageReference section */

/* Begin XCSwiftPackageProductDependency section */
		17BCC98028C2457600ACCB1E /* FirebaseAuth */ = {
			isa = XCSwiftPackageProductDependency;
			package = 17BCC97F28C2457600ACCB1E /* XCRemoteSwiftPackageReference "firebase-ios-sdk" */;
			productName = FirebaseAuth;
		};
		17BCC98228C2457600ACCB1E /* FirebaseFirestore */ = {
			isa = XCSwiftPackageProductDependency;
			package = 17BCC97F28C2457600ACCB1E /* XCRemoteSwiftPackageReference "firebase-ios-sdk" */;
			productName = FirebaseFirestore;
		};
/* End XCSwiftPackageProductDependency section */
	};
	rootObject = 201321E528AF5AA60031ED28 /* Project object */;
}
